{
  "requires": true,
  "lockfileVersion": 1,
  "dependencies": {
    "angular-animate": {
      "version": "1.7.0",
      "resolved": "https://registry.npmjs.org/angular-animate/-/angular-animate-1.7.0.tgz",
      "integrity": "sha512-508uYJLhcX85cKqOlp3stzv1WEnlEtKPGC2J1ljn8sxhwUhENWte2lGI8DJev26Lsk5dHpinBSJC/J0f7jj53w=="
    },
    "angular-aria": {
      "version": "1.7.0",
      "resolved": "https://registry.npmjs.org/angular-aria/-/angular-aria-1.7.0.tgz",
      "integrity": "sha512-Va2FxLqXRfNGHd7BO49PrAPVUKo3k8bIpfNDp+TF+e2W14hfiyb0CxLdg+jgUatzIsg/+dCWnuEhCd062XOQvg=="
    },
    "angular-material": {
      "version": "http://github.com/angular/bower-material/tarball/v1.1.6",
      "integrity": "sha512-dBLKk9N/0JntbEAld0ihYOTwpCcjR8eM+pxWthWuEDIrLRYvTbInQf8uneiNpJ0OKyZxxSjtqoQSCbJpwLlPiw=="
    },
    "angular-messages": {
      "version": "1.7.0",
      "resolved": "https://registry.npmjs.org/angular-messages/-/angular-messages-1.7.0.tgz",
      "integrity": "sha512-77NqLV2EQgSirRcb5bUSSbyc1GJexBl5PrbpBlXp6EalAL7N27wgEOcSP59ViIusyjY0kezT7RmO2YGzzA56YQ=="
    }
  }
}
